
Microsoft Visual Studio Solution File, Format Version 12.00
# Visual Studio Version 17
VisualStudioVersion = 17.14.37027.9 d17.14
MinimumVisualStudioVersion = 10.0.40219.1
Project("{FAE04EC0-301F-11D3-BF4B-00C04F79EFBC}") = "пр51", "пр51\пр51.csproj", "{66BF993A-EBE7-469C-BF33-935E44E681D2}"
EndProject
Global
	GlobalSection(SolutionConfigurationPlatforms) = preSolution
		Debug|Any CPU = Debug|Any CPU
		Release|Any CPU = Release|Any CPU
	EndGlobalSection
	GlobalSection(ProjectConfigurationPlatforms) = postSolution
		{66BF993A-EBE7-469C-BF33-935E44E681D2}.Debug|Any CPU.ActiveCfg = Debug|Any CPU
		{66BF993A-EBE7-469C-BF33-935E44E681D2}.Debug|Any CPU.Build.0 = Debug|Any CPU
		{66BF993A-EBE7-469C-BF33-935E44E681D2}.Release|Any CPU.ActiveCfg = Release|Any CPU
		{66BF993A-EBE7-469C-BF33-935E44E681D2}.Release|Any CPU.Build.0 = Release|Any CPU
	EndGlobalSection
	GlobalSection(SolutionProperties) = preSolution
		HideSolutionNode = FALSE
	EndGlobalSection
	GlobalSection(ExtensibilityGlobals) = postSolution
		SolutionGuid = {4AFFFF66-5C0A-48D0-BC1C-11802A9DC52C}
	EndGlobalSection
EndGlobal
